
Microsoft Visual Studio Solution File, Format Version 11.00
# Visual Studio 2010
Project("{FAE04EC0-301F-11D3-BF4B-00C04F79EFBC}") = "Assembly-CSharp", "Assembly-CSharp.csproj", "{c2673bd6-a226-639e-cb44-d592d5d94383}"
EndProject
Project("{FAE04EC0-301F-11D3-BF4B-00C04F79EFBC}") = "Assembly-CSharp-firstpass", "Assembly-CSharp-firstpass.csproj", "{9d443aec-f337-fe76-3072-cd95cb8fea09}"
EndProject
Project("{FAE04EC0-301F-11D3-BF4B-00C04F79EFBC}") = "MaxSdk.Scripts", "MaxSdk.Scripts.csproj", "{a9ca36f5-6b1f-6cdd-d4e5-adc33dbd6590}"
EndProject
Project("{FAE04EC0-301F-11D3-BF4B-00C04F79EFBC}") = "Assembly-CSharp-Editor", "Assembly-CSharp-Editor.csproj", "{35d64154-fbb6-b4af-1bab-0407c28a21d8}"
EndProject
Project("{FAE04EC0-301F-11D3-BF4B-00C04F79EFBC}") = "Assembly-CSharp-Editor-firstpass", "Assembly-CSharp-Editor-firstpass.csproj", "{1fa37106-21cb-d146-7fb2-f573d512116f}"
EndProject
Project("{FAE04EC0-301F-11D3-BF4B-00C04F79EFBC}") = "MaxSdk.Scripts.IntegrationManager.Editor", "MaxSdk.Scripts.IntegrationManager.Editor.csproj", "{24f938fc-cbdb-d02a-1eb7-41579ac8a963}"
EndProject
Project("{FAE04EC0-301F-11D3-BF4B-00C04F79EFBC}") = "MaxSdk.Scripts.Editor", "MaxSdk.Scripts.Editor.csproj", "{ba7bf8ae-feca-77d5-d39c-5a3ae22a5061}"
EndProject
Global
	GlobalSection(SolutionConfigurationPlatforms) = preSolution
		Debug|Any CPU = Debug|Any CPU
	EndGlobalSection
	GlobalSection(ProjectConfigurationPlatforms) = postSolution
		{c2673bd6-a226-639e-cb44-d592d5d94383}.Debug|Any CPU.ActiveCfg = Debug|Any CPU
		{c2673bd6-a226-639e-cb44-d592d5d94383}.Debug|Any CPU.Build.0 = Debug|Any CPU
		{9d443aec-f337-fe76-3072-cd95cb8fea09}.Debug|Any CPU.ActiveCfg = Debug|Any CPU
		{9d443aec-f337-fe76-3072-cd95cb8fea09}.Debug|Any CPU.Build.0 = Debug|Any CPU
		{a9ca36f5-6b1f-6cdd-d4e5-adc33dbd6590}.Debug|Any CPU.ActiveCfg = Debug|Any CPU
		{a9ca36f5-6b1f-6cdd-d4e5-adc33dbd6590}.Debug|Any CPU.Build.0 = Debug|Any CPU
		{35d64154-fbb6-b4af-1bab-0407c28a21d8}.Debug|Any CPU.ActiveCfg = Debug|Any CPU
		{35d64154-fbb6-b4af-1bab-0407c28a21d8}.Debug|Any CPU.Build.0 = Debug|Any CPU
		{1fa37106-21cb-d146-7fb2-f573d512116f}.Debug|Any CPU.ActiveCfg = Debug|Any CPU
		{1fa37106-21cb-d146-7fb2-f573d512116f}.Debug|Any CPU.Build.0 = Debug|Any CPU
		{24f938fc-cbdb-d02a-1eb7-41579ac8a963}.Debug|Any CPU.ActiveCfg = Debug|Any CPU
		{24f938fc-cbdb-d02a-1eb7-41579ac8a963}.Debug|Any CPU.Build.0 = Debug|Any CPU
		{ba7bf8ae-feca-77d5-d39c-5a3ae22a5061}.Debug|Any CPU.ActiveCfg = Debug|Any CPU
		{ba7bf8ae-feca-77d5-d39c-5a3ae22a5061}.Debug|Any CPU.Build.0 = Debug|Any CPU
	EndGlobalSection
	GlobalSection(SolutionProperties) = preSolution
		HideSolutionNode = FALSE
	EndGlobalSection
EndGlobal
